
Microsoft Visual Studio Solution File, Format Version 12.00
# Visual Studio Version 16
VisualStudioVersion = 16.0.31507.150
MinimumVisualStudioVersion = 10.0.40219.1
Project("{9A19103F-16F7-4668-BE54-9A1E7A4F7556}") = "Todo.EFCore", "Todo.EFCore.csproj", "{C63C1A47-FAD5-414B-8EC8-99DFBA06537A}"
EndProject
Global
	GlobalSection(SolutionConfigurationPlatforms) = preSolution
		Debug|Any CPU = Debug|Any CPU
		Release|Any CPU = Release|Any CPU
	EndGlobalSection
	GlobalSection(ProjectConfigurationPlatforms) = postSolution
		{C63C1A47-FAD5-414B-8EC8-99DFBA06537A}.Debug|Any CPU.ActiveCfg = Debug|Any CPU
		{C63C1A47-FAD5-414B-8EC8-99DFBA06537A}.Debug|Any CPU.Build.0 = Debug|Any CPU
		{C63C1A47-FAD5-414B-8EC8-99DFBA06537A}.Release|Any CPU.ActiveCfg = Release|Any CPU
		{C63C1A47-FAD5-414B-8EC8-99DFBA06537A}.Release|Any CPU.Build.0 = Release|Any CPU
	EndGlobalSection
	GlobalSection(SolutionProperties) = preSolution
		HideSolutionNode = FALSE
	EndGlobalSection
	GlobalSection(ExtensibilityGlobals) = postSolution
		SolutionGuid = {2BEA4908-C3BC-4D60-B578-6D3656E2BFAE}
	EndGlobalSection
EndGlobal
